
Microsoft Visual Studio Solution File, Format Version 12.00
# Visual Studio 14
VisualStudioVersion = 14.0.25420.1
MinimumVisualStudioVersion = 10.0.40219.1
Project("{FAE04EC0-301F-11D3-BF4B-00C04F79EFBC}") = "Magic", "Magic\Magic.csproj", "{AF931DA9-82DC-4523-BFE1-85C90608D782}"
EndProject
Project("{FAE04EC0-301F-11D3-BF4B-00C04F79EFBC}") = "Tests", "Tests\Tests.csproj", "{43B71B56-007A-47D6-B00C-1C68DD41497A}"
EndProject
Project("{FAE04EC0-301F-11D3-BF4B-00C04F79EFBC}") = "Console", "Console\Console.csproj", "{F888DDE6-4AEF-481E-9D87-747FE993D642}"
EndProject
Global
	GlobalSection(SolutionConfigurationPlatforms) = preSolution
		Debug|Any CPU = Debug|Any CPU
		Release|Any CPU = Release|Any CPU
	EndGlobalSection
	GlobalSection(ProjectConfigurationPlatforms) = postSolution
		{AF931DA9-82DC-4523-BFE1-85C90608D782}.Debug|Any CPU.ActiveCfg = Debug|Any CPU
		{AF931DA9-82DC-4523-BFE1-85C90608D782}.Debug|Any CPU.Build.0 = Debug|Any CPU
		{AF931DA9-82DC-4523-BFE1-85C90608D782}.Release|Any CPU.ActiveCfg = Release|Any CPU
		{AF931DA9-82DC-4523-BFE1-85C90608D782}.Release|Any CPU.Build.0 = Release|Any CPU
		{43B71B56-007A-47D6-B00C-1C68DD41497A}.Debug|Any CPU.ActiveCfg = Debug|Any CPU
		{43B71B56-007A-47D6-B00C-1C68DD41497A}.Debug|Any CPU.Build.0 = Debug|Any CPU
		{43B71B56-007A-47D6-B00C-1C68DD41497A}.Release|Any CPU.ActiveCfg = Release|Any CPU
		{43B71B56-007A-47D6-B00C-1C68DD41497A}.Release|Any CPU.Build.0 = Release|Any CPU
		{F888DDE6-4AEF-481E-9D87-747FE993D642}.Debug|Any CPU.ActiveCfg = Debug|Any CPU
		{F888DDE6-4AEF-481E-9D87-747FE993D642}.Debug|Any CPU.Build.0 = Debug|Any CPU
		{F888DDE6-4AEF-481E-9D87-747FE993D642}.Release|Any CPU.ActiveCfg = Release|Any CPU
		{F888DDE6-4AEF-481E-9D87-747FE993D642}.Release|Any CPU.Build.0 = Release|Any CPU
	EndGlobalSection
	GlobalSection(SolutionProperties) = preSolution
		HideSolutionNode = FALSE
	EndGlobalSection
EndGlobal
