
Microsoft Visual Studio Solution File, Format Version 12.00
# Visual Studio 15
VisualStudioVersion = 15.0.26228.4
MinimumVisualStudioVersion = 10.0.40219.1
Project("{2150E333-8FDC-42A3-9474-1A3956D46DE8}") = "Solution Items", "Solution Items", "{E4E66474-C9BA-49CD-B274-F5AB7F865FE0}"
	ProjectSection(SolutionItems) = preProject
		..\.gitignore = ..\.gitignore
		..\build.cmd = ..\build.cmd
		..\build.ps1 = ..\build.ps1
	EndProjectSection
EndProject
Project("{9A19103F-16F7-4668-BE54-9A1E7A4F7556}") = "Web", "Web\Web.csproj", "{95D6E787-309B-448B-8F1D-46D3F5E64C94}"
EndProject
Project("{9A19103F-16F7-4668-BE54-9A1E7A4F7556}") = "Magic", "Magic\Magic.csproj", "{89CAEA64-C5FE-45F5-8B5D-53AE40A1FC92}"
EndProject
Project("{9A19103F-16F7-4668-BE54-9A1E7A4F7556}") = "Console", "Console\Console.csproj", "{3DC92468-CF9B-433D-95BC-996799941A0A}"
EndProject
Project("{9A19103F-16F7-4668-BE54-9A1E7A4F7556}") = "Tests", "Tests\Tests.csproj", "{E7A09E85-977A-4852-8F5B-9707525D7104}"
EndProject
Project("{9A19103F-16F7-4668-BE54-9A1E7A4F7556}") = "Database", "Database\Database.csproj", "{C0A251E7-06A4-4DF0-8847-649B9FEDB2DA}"
EndProject
Global
	GlobalSection(SolutionConfigurationPlatforms) = preSolution
		Debug|Any CPU = Debug|Any CPU
		Release|Any CPU = Release|Any CPU
	EndGlobalSection
	GlobalSection(ProjectConfigurationPlatforms) = postSolution
		{95D6E787-309B-448B-8F1D-46D3F5E64C94}.Debug|Any CPU.ActiveCfg = Debug|Any CPU
		{95D6E787-309B-448B-8F1D-46D3F5E64C94}.Debug|Any CPU.Build.0 = Debug|Any CPU
		{95D6E787-309B-448B-8F1D-46D3F5E64C94}.Release|Any CPU.ActiveCfg = Release|Any CPU
		{95D6E787-309B-448B-8F1D-46D3F5E64C94}.Release|Any CPU.Build.0 = Release|Any CPU
		{89CAEA64-C5FE-45F5-8B5D-53AE40A1FC92}.Debug|Any CPU.ActiveCfg = Debug|Any CPU
		{89CAEA64-C5FE-45F5-8B5D-53AE40A1FC92}.Debug|Any CPU.Build.0 = Debug|Any CPU
		{89CAEA64-C5FE-45F5-8B5D-53AE40A1FC92}.Release|Any CPU.ActiveCfg = Release|Any CPU
		{89CAEA64-C5FE-45F5-8B5D-53AE40A1FC92}.Release|Any CPU.Build.0 = Release|Any CPU
		{3DC92468-CF9B-433D-95BC-996799941A0A}.Debug|Any CPU.ActiveCfg = Debug|Any CPU
		{3DC92468-CF9B-433D-95BC-996799941A0A}.Debug|Any CPU.Build.0 = Debug|Any CPU
		{3DC92468-CF9B-433D-95BC-996799941A0A}.Release|Any CPU.ActiveCfg = Release|Any CPU
		{3DC92468-CF9B-433D-95BC-996799941A0A}.Release|Any CPU.Build.0 = Release|Any CPU
		{E7A09E85-977A-4852-8F5B-9707525D7104}.Debug|Any CPU.ActiveCfg = Debug|Any CPU
		{E7A09E85-977A-4852-8F5B-9707525D7104}.Debug|Any CPU.Build.0 = Debug|Any CPU
		{E7A09E85-977A-4852-8F5B-9707525D7104}.Release|Any CPU.ActiveCfg = Release|Any CPU
		{E7A09E85-977A-4852-8F5B-9707525D7104}.Release|Any CPU.Build.0 = Release|Any CPU
		{C0A251E7-06A4-4DF0-8847-649B9FEDB2DA}.Debug|Any CPU.ActiveCfg = Debug|Any CPU
		{C0A251E7-06A4-4DF0-8847-649B9FEDB2DA}.Debug|Any CPU.Build.0 = Debug|Any CPU
		{C0A251E7-06A4-4DF0-8847-649B9FEDB2DA}.Release|Any CPU.ActiveCfg = Release|Any CPU
		{C0A251E7-06A4-4DF0-8847-649B9FEDB2DA}.Release|Any CPU.Build.0 = Release|Any CPU
	EndGlobalSection
	GlobalSection(SolutionProperties) = preSolution
		HideSolutionNode = FALSE
	EndGlobalSection
EndGlobal
